
Microsoft Visual Studio Solution File, Format Version 12.00
# Visual Studio 15
VisualStudioVersion = 15.0.27130.2026
MinimumVisualStudioVersion = 10.0.40219.1
Project("{9A19103F-16F7-4668-BE54-9A1E7A4F7556}") = "AardvarkREST", "AardvarkRest\AardvarkREST.csproj", "{1F094A4E-E070-46B3-8430-13ED2BF055D4}"
EndProject
Project("{FAE04EC0-301F-11D3-BF4B-00C04F79EFBC}") = "AarvarkRESTTest", "AarvarkRESTTest\AarvarkRESTTest.csproj", "{79D36E11-35C0-4EB1-AA7D-89255892C0FF}"
EndProject
Global
	GlobalSection(SolutionConfigurationPlatforms) = preSolution
		Debug|Any CPU = Debug|Any CPU
		Release|Any CPU = Release|Any CPU
	EndGlobalSection
	GlobalSection(ProjectConfigurationPlatforms) = postSolution
		{1F094A4E-E070-46B3-8430-13ED2BF055D4}.Debug|Any CPU.ActiveCfg = Debug|Any CPU
		{1F094A4E-E070-46B3-8430-13ED2BF055D4}.Debug|Any CPU.Build.0 = Debug|Any CPU
		{1F094A4E-E070-46B3-8430-13ED2BF055D4}.Release|Any CPU.ActiveCfg = Release|Any CPU
		{1F094A4E-E070-46B3-8430-13ED2BF055D4}.Release|Any CPU.Build.0 = Release|Any CPU
		{79D36E11-35C0-4EB1-AA7D-89255892C0FF}.Debug|Any CPU.ActiveCfg = Debug|Any CPU
		{79D36E11-35C0-4EB1-AA7D-89255892C0FF}.Debug|Any CPU.Build.0 = Debug|Any CPU
		{79D36E11-35C0-4EB1-AA7D-89255892C0FF}.Release|Any CPU.ActiveCfg = Release|Any CPU
		{79D36E11-35C0-4EB1-AA7D-89255892C0FF}.Release|Any CPU.Build.0 = Release|Any CPU
	EndGlobalSection
	GlobalSection(SolutionProperties) = preSolution
		HideSolutionNode = FALSE
	EndGlobalSection
	GlobalSection(ExtensibilityGlobals) = postSolution
		SolutionGuid = {07A243BD-A773-49D1-8D97-5432ACF7630D}
	EndGlobalSection
EndGlobal
